
Microsoft Visual Studio Solution File, Format Version 12.00
# Visual Studio Version 16
VisualStudioVersion = 16.0.29215.179
MinimumVisualStudioVersion = 10.0.40219.1
Project("{FAE04EC0-301F-11D3-BF4B-00C04F79EFBC}") = "Exam SK", "Exam SK\Exam SK.csproj", "{EC40ADC0-5B39-4A12-B8DB-E3F21FB9AA44}"
EndProject
Global
	GlobalSection(SolutionConfigurationPlatforms) = preSolution
		Debug|Any CPU = Debug|Any CPU
		Release|Any CPU = Release|Any CPU
	EndGlobalSection
	GlobalSection(ProjectConfigurationPlatforms) = postSolution
		{EC40ADC0-5B39-4A12-B8DB-E3F21FB9AA44}.Debug|Any CPU.ActiveCfg = Debug|Any CPU
		{EC40ADC0-5B39-4A12-B8DB-E3F21FB9AA44}.Debug|Any CPU.Build.0 = Debug|Any CPU
		{EC40ADC0-5B39-4A12-B8DB-E3F21FB9AA44}.Release|Any CPU.ActiveCfg = Release|Any CPU
		{EC40ADC0-5B39-4A12-B8DB-E3F21FB9AA44}.Release|Any CPU.Build.0 = Release|Any CPU
	EndGlobalSection
	GlobalSection(SolutionProperties) = preSolution
		HideSolutionNode = FALSE
	EndGlobalSection
	GlobalSection(ExtensibilityGlobals) = postSolution
		SolutionGuid = {0292E1B9-2375-4C62-AB8F-EBECBF414163}
	EndGlobalSection
EndGlobal
